{
  "name": "demo",
  "version": "1.0.0",
  "lockfileVersion": 2,
  "requires": true,
  "packages": {
    "": {
      "name": "demo",
      "version": "1.0.0",
      "license": "ISC",
      "dependencies": {
        "@zlxiao97/webpack-library": "^1.0.1"
      }
    },
    "node_modules/@zlxiao97/webpack-library": {
      "version": "1.0.1",
      "resolved": "https://registry.npmjs.org/@zlxiao97/webpack-library/-/webpack-library-1.0.1.tgz",
      "integrity": "sha512-WiOr1LJvLW4y4LaGOuZPZr5CAPZFjN4TgDTfUaat/Um5zAAISnJcFJcPQgo6M2jviwfXoAgQkplX2RIb0nBNZw=="
    }
  },
  "dependencies": {
    "@zlxiao97/webpack-library": {
      "version": "1.0.1",
      "resolved": "https://registry.npmjs.org/@zlxiao97/webpack-library/-/webpack-library-1.0.1.tgz",
      "integrity": "sha512-WiOr1LJvLW4y4LaGOuZPZr5CAPZFjN4TgDTfUaat/Um5zAAISnJcFJcPQgo6M2jviwfXoAgQkplX2RIb0nBNZw=="
    }
  }
}
